{
  "name": "Apps",
  "lockfileVersion": 3,
  "requires": true,
  "packages": {
    "": {
      "dependencies": {
        "@vuepic/vue-datepicker": "^12.1.0",
        "vue-toastification": "^1.7.14",
        "vue3-date-time-picker": "^2.8.3"
      }
    },
    "node_modules/@babel/runtime": {
      "version": "7.28.6",
      "resolved": "https://registry.npmjs.org/@babel/runtime/-/runtime-7.28.6.tgz",
      "integrity": "sha512-05WQkdpL9COIMz4LjTxGpPNCdlpyimKppYNoJ5Di5EUObifl8t4tuLuUBBZEpoLYOmfvIWrsp9fCl0HoPRVTdA==",
      "license": "MIT",
      "engines": {
        "node": ">=6.9.0"
      }
    },
    "node_modules/@date-fns/tz": {
      "version": "1.4.1",
      "resolved": "https://registry.npmjs.org/@date-fns/tz/-/tz-1.4.1.tgz",
      "integrity": "sha512-P5LUNhtbj6YfI3iJjw5EL9eUAG6OitD0W3fWQcpQjDRc/QIsL0tRNuO1PcDvPccWL1fSTXXdE1ds+l95DV/OFA==",
      "license": "MIT"
    },
    "node_modules/@floating-ui/core": {
      "version": "1.7.4",
      "resolved": "https://registry.npmjs.org/@floating-ui/core/-/core-1.7.4.tgz",
      "integrity": "sha512-C3HlIdsBxszvm5McXlB8PeOEWfBhcGBTZGkGlWc2U0KFY5IwG5OQEuQ8rq52DZmcHDlPLd+YFBK+cZcytwIFWg==",
      "license": "MIT",
      "dependencies": {
        "@floating-ui/utils": "^0.2.10"
      }
    },
    "node_modules/@floating-ui/dom": {
      "version": "1.7.5",
      "resolved": "https://registry.npmjs.org/@floating-ui/dom/-/dom-1.7.5.tgz",
      "integrity": "sha512-N0bD2kIPInNHUHehXhMke1rBGs1dwqvC9O9KYMyyjK7iXt7GAhnro7UlcuYcGdS/yYOlq0MAVgrow8IbWJwyqg==",
      "license": "MIT",
      "dependencies": {
        "@floating-ui/core": "^1.7.4",
        "@floating-ui/utils": "^0.2.10"
      }
    },
    "node_modules/@floating-ui/utils": {
      "version": "0.2.10",
      "resolved": "https://registry.npmjs.org/@floating-ui/utils/-/utils-0.2.10.tgz",
      "integrity": "sha512-aGTxbpbg8/b5JfU1HXSrbH3wXZuLPJcNEcZQFMxLs3oSzgtVu6nFPkbbGGUvBcUjKV2YyB9Wxxabo+HEH9tcRQ==",
      "license": "MIT"
    },
    "node_modules/@floating-ui/vue": {
      "version": "1.1.10",
      "resolved": "https://registry.npmjs.org/@floating-ui/vue/-/vue-1.1.10.tgz",
      "integrity": "sha512-vdf8f6rHnFPPLRsmL4p12wYl+Ux4mOJOkjzKEMYVnwdf7UFdvBtHlLvQyx8iKG5vhPRbDRgZxdtpmyigDPjzYg==",
      "license": "MIT",
      "dependencies": {
        "@floating-ui/dom": "^1.7.5",
        "@floating-ui/utils": "^0.2.10",
        "vue-demi": ">=0.13.0"
      }
    },
    "node_modules/@floating-ui/vue/node_modules/vue-demi": {
      "version": "0.14.10",
      "resolved": "https://registry.npmjs.org/vue-demi/-/vue-demi-0.14.10.tgz",
      "integrity": "sha512-nMZBOwuzabUO0nLgIcc6rycZEebF6eeUfaiQx9+WSk8e29IbLvPU9feI6tqW4kTo3hvoYAJkMh8n8D0fuISphg==",
      "hasInstallScript": true,
      "license": "MIT",
      "bin": {
        "vue-demi-fix": "bin/vue-demi-fix.js",
        "vue-demi-switch": "bin/vue-demi-switch.js"
      },
      "engines": {
        "node": ">=12"
      },
      "funding": {
        "url": "https://github.com/sponsors/antfu"
      },
      "peerDependencies": {
        "@vue/composition-api": "^1.0.0-rc.1",
        "vue": "^3.0.0-0 || ^2.6.0"
      },
      "peerDependenciesMeta": {
        "@vue/composition-api": {
          "optional": true
        }
      }
    },
    "node_modules/@types/web-bluetooth": {
      "version": "0.0.21",
      "resolved": "https://registry.npmjs.org/@types/web-bluetooth/-/web-bluetooth-0.0.21.tgz",
      "integrity": "sha512-oIQLCGWtcFZy2JW77j9k8nHzAOpqMHLQejDA48XXMWH6tjCQHz5RCFz1bzsmROyL6PUm+LLnUiI4BCn221inxA==",
      "license": "MIT"
    },
    "node_modules/@vuepic/vue-datepicker": {
      "version": "12.1.0",
      "resolved": "https://registry.npmjs.org/@vuepic/vue-datepicker/-/vue-datepicker-12.1.0.tgz",
      "integrity": "sha512-QuWcO+CqIGYFoRNCagp9xUY9sMK/OHUlVIDxBYjw7HjCTWXfuE/r3l3loB00faEtb0Teo3DeBn26hT3tYA5pgg==",
      "license": "MIT",
      "dependencies": {
        "@date-fns/tz": "^1.4.1",
        "@floating-ui/vue": "^1.1.9",
        "@vueuse/core": "^14.1.0",
        "date-fns": "^4.1.0"
      },
      "engines": {
        "node": ">=18.12.0"
      },
      "peerDependencies": {
        "vue": ">=3.5.0"
      }
    },
    "node_modules/@vuepic/vue-datepicker/node_modules/date-fns": {
      "version": "4.1.0",
      "resolved": "https://registry.npmjs.org/date-fns/-/date-fns-4.1.0.tgz",
      "integrity": "sha512-Ukq0owbQXxa/U3EGtsdVBkR1w7KOQ5gIBqdH2hkvknzZPYvBxb/aa6E8L7tmjFtkwZBu3UXBbjIgPo/Ez4xaNg==",
      "license": "MIT",
      "funding": {
        "type": "github",
        "url": "https://github.com/sponsors/kossnocorp"
      }
    },
    "node_modules/@vueuse/core": {
      "version": "14.2.1",
      "resolved": "https://registry.npmjs.org/@vueuse/core/-/core-14.2.1.tgz",
      "integrity": "sha512-3vwDzV+GDUNpdegRY6kzpLm4Igptq+GA0QkJ3W61Iv27YWwW/ufSlOfgQIpN6FZRMG0mkaz4gglJRtq5SeJyIQ==",
      "license": "MIT",
      "dependencies": {
        "@types/web-bluetooth": "^0.0.21",
        "@vueuse/metadata": "14.2.1",
        "@vueuse/shared": "14.2.1"
      },
      "funding": {
        "url": "https://github.com/sponsors/antfu"
      },
      "peerDependencies": {
        "vue": "^3.5.0"
      }
    },
    "node_modules/@vueuse/metadata": {
      "version": "14.2.1",
      "resolved": "https://registry.npmjs.org/@vueuse/metadata/-/metadata-14.2.1.tgz",
      "integrity": "sha512-1ButlVtj5Sb/HDtIy1HFr1VqCP4G6Ypqt5MAo0lCgjokrk2mvQKsK2uuy0vqu/Ks+sHfuHo0B9Y9jn9xKdjZsw==",
      "license": "MIT",
      "funding": {
        "url": "https://github.com/sponsors/antfu"
      }
    },
    "node_modules/@vueuse/shared": {
      "version": "14.2.1",
      "resolved": "https://registry.npmjs.org/@vueuse/shared/-/shared-14.2.1.tgz",
      "integrity": "sha512-shTJncjV9JTI4oVNyF1FQonetYAiTBd+Qj7cY89SWbXSkx7gyhrgtEdF2ZAVWS1S3SHlaROO6F2IesJxQEkZBw==",
      "license": "MIT",
      "funding": {
        "url": "https://github.com/sponsors/antfu"
      },
      "peerDependencies": {
        "vue": "^3.5.0"
      }
    },
    "node_modules/date-fns": {
      "version": "2.30.0",
      "resolved": "https://registry.npmjs.org/date-fns/-/date-fns-2.30.0.tgz",
      "integrity": "sha512-fnULvOpxnC5/Vg3NCiWelDsLiUc9bRwAPs/+LfTLNvetFCtCTN+yQz15C/fs4AwX1R9K5GLtLfn8QW+dWisaAw==",
      "license": "MIT",
      "dependencies": {
        "@babel/runtime": "^7.21.0"
      },
      "engines": {
        "node": ">=0.11"
      },
      "funding": {
        "type": "opencollective",
        "url": "https://opencollective.com/date-fns"
      }
    },
    "node_modules/vue-toastification": {
      "version": "1.7.14",
      "resolved": "https://registry.npmjs.org/vue-toastification/-/vue-toastification-1.7.14.tgz",
      "integrity": "sha512-khZR8t3NWZ/JJ2MZxXLbesHrRJ8AKa75PY5Zq8yMifF9x8lHq8ljYkC0d2PD9yahooygQB5tcFyRDkbbIPx8hw==",
      "license": "MIT",
      "peerDependencies": {
        "vue": "^2.0.0"
      }
    },
    "node_modules/vue3-date-time-picker": {
      "version": "2.8.3",
      "resolved": "https://registry.npmjs.org/vue3-date-time-picker/-/vue3-date-time-picker-2.8.3.tgz",
      "integrity": "sha512-EkmIt8vm0UmW8ZNjUmKoZvkvgaHbOR9JNJuG4xgwYWi9ndTJdCvORwyn/bypw05f32iYjrIhhY5CUaSxgcByuA==",
      "deprecated": "The component is moved to the new repo (https://github.com/Vuepic/vue-datepicker) with the new name '@vuepic/vue-datepicker'. Please switch to the new package",
      "hasInstallScript": true,
      "license": "MIT",
      "dependencies": {
        "date-fns": "^2.28.0"
      },
      "engines": {
        "node": ">=12"
      },
      "peerDependencies": {
        "vue": ">=3.2.0"
      }
    }
  }
}
